// !$*UTF8*$!
{
	archiveVersion = 1;
	classes = {
	};
	objectVersion = 46;
	objects = {

/* Begin PBXBuildFile section */
		31A7E3547F416E6452E26EDF /* Pods_LBXiongMaoTV.framework in Frameworks */ = {isa = PBXBuildFile; fileRef = 9A2F95E49997CB25059A4A8F /* Pods_LBXiongMaoTV.framework */; };
		F801138A1EA0A8C500C6CC8E /* LBXMMineSetVController.swift in Sources */ = {isa = PBXBuildFile; fileRef = F80113891EA0A8C500C6CC8E /* LBXMMineSetVController.swift */; };
		F801138E1EA0AAC600C6CC8E /* LBXMMineItemLabel.swift in Sources */ = {isa = PBXBuildFile; fileRef = F801138D1EA0AAC600C6CC8E /* LBXMMineItemLabel.swift */; };
		F80113901EA0AAD100C6CC8E /* LBXMMineItemSwitch.swift in Sources */ = {isa = PBXBuildFile; fileRef = F801138F1EA0AAD100C6CC8E /* LBXMMineItemSwitch.swift */; };
		F80113931EA0AC3200C6CC8E /* LBXMMineVController.swift in Sources */ = {isa = PBXBuildFile; fileRef = F80113921EA0AC3200C6CC8E /* LBXMMineVController.swift */; };
		F80113971EA0AC5A00C6CC8E /* LBXMBaseCell.swift in Sources */ = {isa = PBXBuildFile; fileRef = F80113951EA0AC5A00C6CC8E /* LBXMBaseCell.swift */; };
		F80113981EA0AC5A00C6CC8E /* LBXMBaseVController.swift in Sources */ = {isa = PBXBuildFile; fileRef = F80113961EA0AC5A00C6CC8E /* LBXMBaseVController.swift */; };
		F801139B1EA0C72C00C6CC8E /* LBXMMineItemArrowVController.swift in Sources */ = {isa = PBXBuildFile; fileRef = F801139A1EA0C72C00C6CC8E /* LBXMMineItemArrowVController.swift */; };
		F801139F1EA0CE8A00C6CC8E /* LBXMYuLeViewModel.swift in Sources */ = {isa = PBXBuildFile; fileRef = F801139E1EA0CE8A00C6CC8E /* LBXMYuLeViewModel.swift */; };
		F80113A11EA0CE9600C6CC8E /* LBXMYuLeModel.swift in Sources */ = {isa = PBXBuildFile; fileRef = F80113A01EA0CE9600C6CC8E /* LBXMYuLeModel.swift */; };
		F82FC7891E9CD0A500B1BE30 /* AppDelegate.swift in Sources */ = {isa = PBXBuildFile; fileRef = F82FC7881E9CD0A500B1BE30 /* AppDelegate.swift */; };
		F82FC7901E9CD0A600B1BE30 /* Assets.xcassets in Resources */ = {isa = PBXBuildFile; fileRef = F82FC78F1E9CD0A600B1BE30 /* Assets.xcassets */; };
		F82FC7931E9CD0A600B1BE30 /* LaunchScreen.storyboard in Resources */ = {isa = PBXBuildFile; fileRef = F82FC7911E9CD0A600B1BE30 /* LaunchScreen.storyboard */; };
		F82FC7B51E9CD48A00B1BE30 /* NSArray+Log.m in Sources */ = {isa = PBXBuildFile; fileRef = F82FC79E1E9CD48A00B1BE30 /* NSArray+Log.m */; };
		F82FC7B61E9CD48A00B1BE30 /* NSAttributedString+CZAdditon.m in Sources */ = {isa = PBXBuildFile; fileRef = F82FC7A01E9CD48A00B1BE30 /* NSAttributedString+CZAdditon.m */; };
		F82FC7B71E9CD48A00B1BE30 /* NSObject+CZRuntime.m in Sources */ = {isa = PBXBuildFile; fileRef = F82FC7A21E9CD48A00B1BE30 /* NSObject+CZRuntime.m */; };
		F82FC7B81E9CD48A00B1BE30 /* NSString+CZBase64.m in Sources */ = {isa = PBXBuildFile; fileRef = F82FC7A41E9CD48A00B1BE30 /* NSString+CZBase64.m */; };
		F82FC7B91E9CD48A00B1BE30 /* NSString+CZHash.m in Sources */ = {isa = PBXBuildFile; fileRef = F82FC7A61E9CD48A00B1BE30 /* NSString+CZHash.m */; };
		F82FC7BA1E9CD48A00B1BE30 /* NSString+CZPath.m in Sources */ = {isa = PBXBuildFile; fileRef = F82FC7A81E9CD48A00B1BE30 /* NSString+CZPath.m */; };
		F82FC7BB1E9CD48A00B1BE30 /* UIButton+CZAddition.m in Sources */ = {isa = PBXBuildFile; fileRef = F82FC7AA1E9CD48A00B1BE30 /* UIButton+CZAddition.m */; };
		F82FC7BC1E9CD48A00B1BE30 /* UIColor+CZAddition.m in Sources */ = {isa = PBXBuildFile; fileRef = F82FC7AC1E9CD48A00B1BE30 /* UIColor+CZAddition.m */; };
		F82FC7BD1E9CD48A00B1BE30 /* UILabel+CZAddition.m in Sources */ = {isa = PBXBuildFile; fileRef = F82FC7AE1E9CD48A00B1BE30 /* UILabel+CZAddition.m */; };
		F82FC7BE1E9CD48A00B1BE30 /* UIScreen+CZAddition.m in Sources */ = {isa = PBXBuildFile; fileRef = F82FC7B01E9CD48A00B1BE30 /* UIScreen+CZAddition.m */; };
		F82FC7BF1E9CD48A00B1BE30 /* UIView+CZAddition.m in Sources */ = {isa = PBXBuildFile; fileRef = F82FC7B21E9CD48A00B1BE30 /* UIView+CZAddition.m */; };
		F82FC7C01E9CD48A00B1BE30 /* UIViewController+CZAddition.m in Sources */ = {isa = PBXBuildFile; fileRef = F82FC7B41E9CD48A00B1BE30 /* UIViewController+CZAddition.m */; };
		F84A45471E9DDD65004C26B8 /* LBXMSmallXiuVController.swift in Sources */ = {isa = PBXBuildFile; fileRef = F84A45461E9DDD65004C26B8 /* LBXMSmallXiuVController.swift */; };
		F84A454A1E9DDD6C004C26B8 /* LBXMYuLeVController.swift in Sources */ = {isa = PBXBuildFile; fileRef = F84A45491E9DDD6C004C26B8 /* LBXMYuLeVController.swift */; };
		F84A454D1E9DDD73004C26B8 /* LBXMGameVController.swift in Sources */ = {isa = PBXBuildFile; fileRef = F84A454C1E9DDD73004C26B8 /* LBXMGameVController.swift */; };
		F84A45501E9DDD79004C26B8 /* LBXMHomeVController.swift in Sources */ = {isa = PBXBuildFile; fileRef = F84A454F1E9DDD79004C26B8 /* LBXMHomeVController.swift */; };
		F84A45541E9E0CB3004C26B8 /* LBXMSearchVController.swift in Sources */ = {isa = PBXBuildFile; fileRef = F84A45531E9E0CB3004C26B8 /* LBXMSearchVController.swift */; };
		F85899C71E9F004400AAE36B /* LBXMNetWork.swift in Sources */ = {isa = PBXBuildFile; fileRef = F85899C61E9F004400AAE36B /* LBXMNetWork.swift */; };
		F85899CC1E9F1C5700AAE36B /* LBXMGameViewModel.swift in Sources */ = {isa = PBXBuildFile; fileRef = F85899CB1E9F1C5700AAE36B /* LBXMGameViewModel.swift */; };
		F85899D61E9F26AB00AAE36B /* NSObject+YYModel.m in Sources */ = {isa = PBXBuildFile; fileRef = F85899D21E9F26AB00AAE36B /* NSObject+YYModel.m */; };
		F85899D71E9F26AB00AAE36B /* YYClassInfo.m in Sources */ = {isa = PBXBuildFile; fileRef = F85899D41E9F26AB00AAE36B /* YYClassInfo.m */; };
		F85899DF1E9F282100AAE36B /* LBXMGameModel.swift in Sources */ = {isa = PBXBuildFile; fileRef = F85899DE1E9F282100AAE36B /* LBXMGameModel.swift */; };
		F85899E31E9F594200AAE36B /* LBXMGameCell.swift in Sources */ = {isa = PBXBuildFile; fileRef = F85899E11E9F594200AAE36B /* LBXMGameCell.swift */; };
		F8589A061E9F5E2200AAE36B /* Constraint.swift in Sources */ = {isa = PBXBuildFile; fileRef = F85899E71E9F5E2200AAE36B /* Constraint.swift */; };
		F8589A071E9F5E2200AAE36B /* ConstraintAttributes.swift in Sources */ = {isa = PBXBuildFile; fileRef = F85899E81E9F5E2200AAE36B /* ConstraintAttributes.swift */; };
		F8589A081E9F5E2200AAE36B /* ConstraintConfig.swift in Sources */ = {isa = PBXBuildFile; fileRef = F85899E91E9F5E2200AAE36B /* ConstraintConfig.swift */; };
		F8589A091E9F5E2200AAE36B /* ConstraintConstantTarget.swift in Sources */ = {isa = PBXBuildFile; fileRef = F85899EA1E9F5E2200AAE36B /* ConstraintConstantTarget.swift */; };
		F8589A0A1E9F5E2200AAE36B /* ConstraintDescription.swift in Sources */ = {isa = PBXBuildFile; fileRef = F85899EB1E9F5E2200AAE36B /* ConstraintDescription.swift */; };
		F8589A0B1E9F5E2200AAE36B /* ConstraintDSL.swift in Sources */ = {isa = PBXBuildFile; fileRef = F85899EC1E9F5E2200AAE36B /* ConstraintDSL.swift */; };
		F8589A0C1E9F5E2200AAE36B /* ConstraintInsets.swift in Sources */ = {isa = PBXBuildFile; fileRef = F85899ED1E9F5E2200AAE36B /* ConstraintInsets.swift */; };
		F8589A0D1E9F5E2200AAE36B /* ConstraintInsetTarget.swift in Sources */ = {isa = PBXBuildFile; fileRef = F85899EE1E9F5E2200AAE36B /* ConstraintInsetTarget.swift */; };
		F8589A0E1E9F5E2200AAE36B /* ConstraintItem.swift in Sources */ = {isa = PBXBuildFile; fileRef = F85899EF1E9F5E2200AAE36B /* ConstraintItem.swift */; };
		F8589A0F1E9F5E2200AAE36B /* ConstraintLayoutGuide.swift in Sources */ = {isa = PBXBuildFile; fileRef = F85899F01E9F5E2200AAE36B /* ConstraintLayoutGuide.swift */; };
		F8589A101E9F5E2200AAE36B /* ConstraintLayoutGuideDSL.swift in Sources */ = {isa = PBXBuildFile; fileRef = F85899F11E9F5E2200AAE36B /* ConstraintLayoutGuideDSL.swift */; };
		F8589A111E9F5E2200AAE36B /* ConstraintLayoutSupport.swift in Sources */ = {isa = PBXBuildFile; fileRef = F85899F21E9F5E2200AAE36B /* ConstraintLayoutSupport.swift */; };
		F8589A121E9F5E2200AAE36B /* ConstraintLayoutSupportDSL.swift in Sources */ = {isa = PBXBuildFile; fileRef = F85899F31E9F5E2200AAE36B /* ConstraintLayoutSupportDSL.swift */; };
		F8589A131E9F5E2200AAE36B /* ConstraintMaker.swift in Sources */ = {isa = PBXBuildFile; fileRef = F85899F41E9F5E2200AAE36B /* ConstraintMaker.swift */; };
		F8589A141E9F5E2200AAE36B /* ConstraintMakerEditable.swift in Sources */ = {isa = PBXBuildFile; fileRef = F85899F51E9F5E2200AAE36B /* ConstraintMakerEditable.swift */; };
		F8589A151E9F5E2200AAE36B /* ConstraintMakerExtendable.swift in Sources */ = {isa = PBXBuildFile; fileRef = F85899F61E9F5E2200AAE36B /* ConstraintMakerExtendable.swift */; };
		F8589A161E9F5E2200AAE36B /* ConstraintMakerFinalizable.swift in Sources */ = {isa = PBXBuildFile; fileRef = F85899F71E9F5E2200AAE36B /* ConstraintMakerFinalizable.swift */; };
		F8589A171E9F5E2200AAE36B /* ConstraintMakerPriortizable.swift in Sources */ = {isa = PBXBuildFile; fileRef = F85899F81E9F5E2200AAE36B /* ConstraintMakerPriortizable.swift */; };
		F8589A181E9F5E2200AAE36B /* ConstraintMakerRelatable.swift in Sources */ = {isa = PBXBuildFile; fileRef = F85899F91E9F5E2200AAE36B /* ConstraintMakerRelatable.swift */; };
		F8589A191E9F5E2200AAE36B /* ConstraintMultiplierTarget.swift in Sources */ = {isa = PBXBuildFile; fileRef = F85899FA1E9F5E2200AAE36B /* ConstraintMultiplierTarget.swift */; };
		F8589A1A1E9F5E2200AAE36B /* ConstraintOffsetTarget.swift in Sources */ = {isa = PBXBuildFile; fileRef = F85899FB1E9F5E2200AAE36B /* ConstraintOffsetTarget.swift */; };
		F8589A1B1E9F5E2200AAE36B /* ConstraintPriorityTarget.swift in Sources */ = {isa = PBXBuildFile; fileRef = F85899FC1E9F5E2200AAE36B /* ConstraintPriorityTarget.swift */; };
		F8589A1C1E9F5E2200AAE36B /* ConstraintRelatableTarget.swift in Sources */ = {isa = PBXBuildFile; fileRef = F85899FD1E9F5E2200AAE36B /* ConstraintRelatableTarget.swift */; };
		F8589A1D1E9F5E2200AAE36B /* ConstraintRelation.swift in Sources */ = {isa = PBXBuildFile; fileRef = F85899FE1E9F5E2200AAE36B /* ConstraintRelation.swift */; };
		F8589A1E1E9F5E2200AAE36B /* ConstraintView+Extensions.swift in Sources */ = {isa = PBXBuildFile; fileRef = F85899FF1E9F5E2200AAE36B /* ConstraintView+Extensions.swift */; };
		F8589A1F1E9F5E2200AAE36B /* ConstraintView.swift in Sources */ = {isa = PBXBuildFile; fileRef = F8589A001E9F5E2200AAE36B /* ConstraintView.swift */; };
		F8589A201E9F5E2200AAE36B /* ConstraintViewDSL.swift in Sources */ = {isa = PBXBuildFile; fileRef = F8589A011E9F5E2200AAE36B /* ConstraintViewDSL.swift */; };
		F8589A211E9F5E2200AAE36B /* Debugging.swift in Sources */ = {isa = PBXBuildFile; fileRef = F8589A021E9F5E2200AAE36B /* Debugging.swift */; };
		F8589A221E9F5E2200AAE36B /* LayoutConstraint.swift in Sources */ = {isa = PBXBuildFile; fileRef = F8589A031E9F5E2200AAE36B /* LayoutConstraint.swift */; };
		F8589A231E9F5E2200AAE36B /* UILayoutGuide+Extensions.swift in Sources */ = {isa = PBXBuildFile; fileRef = F8589A041E9F5E2200AAE36B /* UILayoutGuide+Extensions.swift */; };
		F8589A241E9F5E2200AAE36B /* UILayoutSupport+Extensions.swift in Sources */ = {isa = PBXBuildFile; fileRef = F8589A051E9F5E2200AAE36B /* UILayoutSupport+Extensions.swift */; };
		F8589A261E9F6E0000AAE36B /* LBXMGameItemVController.swift in Sources */ = {isa = PBXBuildFile; fileRef = F8589A251E9F6E0000AAE36B /* LBXMGameItemVController.swift */; };
		F8589A291E9F752600AAE36B /* LBXMGameItemCell.swift in Sources */ = {isa = PBXBuildFile; fileRef = F8589A281E9F752600AAE36B /* LBXMGameItemCell.swift */; };
		F86FC55E1EA0660B00BE416C /* LBXMMineGroup.swift in Sources */ = {isa = PBXBuildFile; fileRef = F86FC55D1EA0660B00BE416C /* LBXMMineGroup.swift */; };
		F86FC5601EA0663A00BE416C /* LBXMMineItem.swift in Sources */ = {isa = PBXBuildFile; fileRef = F86FC55F1EA0663A00BE416C /* LBXMMineItem.swift */; };
		F86FC5621EA066FA00BE416C /* LBXMMineItemArrow.swift in Sources */ = {isa = PBXBuildFile; fileRef = F86FC5611EA066FA00BE416C /* LBXMMineItemArrow.swift */; };
		F887E3511EA492F3006399F7 /* UIView+YMExtension.m in Sources */ = {isa = PBXBuildFile; fileRef = F887E3501EA492F3006399F7 /* UIView+YMExtension.m */; };
		F887E3671EA4A6DD006399F7 /* LBXMOutdoorVController.swift in Sources */ = {isa = PBXBuildFile; fileRef = F887E3661EA4A6DD006399F7 /* LBXMOutdoorVController.swift */; };
		F887E3691EA4A6F4006399F7 /* LBXMPetVController.swift in Sources */ = {isa = PBXBuildFile; fileRef = F887E3681EA4A6F4006399F7 /* LBXMPetVController.swift */; };
		F887E36B1EA4A6FF006399F7 /* LBXMXinXiuVController.swift in Sources */ = {isa = PBXBuildFile; fileRef = F887E36A1EA4A6FF006399F7 /* LBXMXinXiuVController.swift */; };
		F887E36D1EA4A70E006399F7 /* LBXMMusicVController.swift in Sources */ = {isa = PBXBuildFile; fileRef = F887E36C1EA4A70E006399F7 /* LBXMMusicVController.swift */; };
		F887E36F1EA4A726006399F7 /* LBXMYouVController.swift in Sources */ = {isa = PBXBuildFile; fileRef = F887E36E1EA4A726006399F7 /* LBXMYouVController.swift */; };
		F887E3741EA4B2CF006399F7 /* Bundle+Extensions.swift in Sources */ = {isa = PBXBuildFile; fileRef = F887E3731EA4B2CF006399F7 /* Bundle+Extensions.swift */; };
		F88E26EE1EA5AFE600B6BA9D /* LBXMYuLeBaseVController.swift in Sources */ = {isa = PBXBuildFile; fileRef = F88E26ED1EA5AFE600B6BA9D /* LBXMYuLeBaseVController.swift */; };
		F88E26F11EA5B01400B6BA9D /* LBXMYuLeBaseCell.swift in Sources */ = {isa = PBXBuildFile; fileRef = F88E26F01EA5B01400B6BA9D /* LBXMYuLeBaseCell.swift */; };
		F8E1F6691E9E1B8F0068F099 /* LBXMNavVController.swift in Sources */ = {isa = PBXBuildFile; fileRef = F8E1F6671E9E1B8F0068F099 /* LBXMNavVController.swift */; };
		F8E1F66A1E9E1B8F0068F099 /* LBXMTabBarVController.swift in Sources */ = {isa = PBXBuildFile; fileRef = F8E1F6681E9E1B8F0068F099 /* LBXMTabBarVController.swift */; };
/* End PBXBuildFile section */

/* Begin PBXFileReference section */
		71879C5AD8F3470758A134DE /* Pods-LBXiongMaoTV.release.xcconfig */ = {isa = PBXFileReference; includeInIndex = 1; lastKnownFileType = text.xcconfig; name = "Pods-LBXiongMaoTV.release.xcconfig"; path = "Pods/Target Support Files/Pods-LBXiongMaoTV/Pods-LBXiongMaoTV.release.xcconfig"; sourceTree = "<group>"; };
		9A2F95E49997CB25059A4A8F /* Pods_LBXiongMaoTV.framework */ = {isa = PBXFileReference; explicitFileType = wrapper.framework; includeInIndex = 0; path = Pods_LBXiongMaoTV.framework; sourceTree = BUILT_PRODUCTS_DIR; };
		B980AC57E8DB9E54BAE2FDE7 /* Pods-LBXiongMaoTV.debug.xcconfig */ = {isa = PBXFileReference; includeInIndex = 1; lastKnownFileType = text.xcconfig; name = "Pods-LBXiongMaoTV.debug.xcconfig"; path = "Pods/Target Support Files/Pods-LBXiongMaoTV/Pods-LBXiongMaoTV.debug.xcconfig"; sourceTree = "<group>"; };
		F80113891EA0A8C500C6CC8E /* LBXMMineSetVController.swift */ = {isa = PBXFileReference; fileEncoding = 4; lastKnownFileType = sourcecode.swift; path = LBXMMineSetVController.swift; sourceTree = "<group>"; };
		F801138D1EA0AAC600C6CC8E /* LBXMMineItemLabel.swift */ = {isa = PBXFileReference; fileEncoding = 4; lastKnownFileType = sourcecode.swift; path = LBXMMineItemLabel.swift; sourceTree = "<group>"; };
		F801138F1EA0AAD100C6CC8E /* LBXMMineItemSwitch.swift */ = {isa = PBXFileReference; fileEncoding = 4; lastKnownFileType = sourcecode.swift; path = LBXMMineItemSwitch.swift; sourceTree = "<group>"; };
		F80113921EA0AC3200C6CC8E /* LBXMMineVController.swift */ = {isa = PBXFileReference; fileEncoding = 4; lastKnownFileType = sourcecode.swift; path = LBXMMineVController.swift; sourceTree = "<group>"; };
		F80113951EA0AC5A00C6CC8E /* LBXMBaseCell.swift */ = {isa = PBXFileReference; fileEncoding = 4; lastKnownFileType = sourcecode.swift; path = LBXMBaseCell.swift; sourceTree = "<group>"; };
		F80113961EA0AC5A00C6CC8E /* LBXMBaseVController.swift */ = {isa = PBXFileReference; fileEncoding = 4; lastKnownFileType = sourcecode.swift; path = LBXMBaseVController.swift; sourceTree = "<group>"; };
		F801139A1EA0C72C00C6CC8E /* LBXMMineItemArrowVController.swift */ = {isa = PBXFileReference; fileEncoding = 4; lastKnownFileType = sourcecode.swift; path = LBXMMineItemArrowVController.swift; sourceTree = "<group>"; };
		F801139E1EA0CE8A00C6CC8E /* LBXMYuLeViewModel.swift */ = {isa = PBXFileReference; fileEncoding = 4; lastKnownFileType = sourcecode.swift; path = LBXMYuLeViewModel.swift; sourceTree = "<group>"; };
		F80113A01EA0CE9600C6CC8E /* LBXMYuLeModel.swift */ = {isa = PBXFileReference; fileEncoding = 4; lastKnownFileType = sourcecode.swift; path = LBXMYuLeModel.swift; sourceTree = "<group>"; };
		F82FC7851E9CD0A500B1BE30 /* LBXiongMaoTV.app */ = {isa = PBXFileReference; explicitFileType = wrapper.application; includeInIndex = 0; path = LBXiongMaoTV.app; sourceTree = BUILT_PRODUCTS_DIR; };
		F82FC7881E9CD0A500B1BE30 /* AppDelegate.swift */ = {isa = PBXFileReference; lastKnownFileType = sourcecode.swift; path = AppDelegate.swift; sourceTree = "<group>"; };
		F82FC78F1E9CD0A600B1BE30 /* Assets.xcassets */ = {isa = PBXFileReference; lastKnownFileType = folder.assetcatalog; path = Assets.xcassets; sourceTree = "<group>"; };
		F82FC7921E9CD0A600B1BE30 /* Base */ = {isa = PBXFileReference; lastKnownFileType = file.storyboard; name = Base; path = Base.lproj/LaunchScreen.storyboard; sourceTree = "<group>"; };
		F82FC7941E9CD0A600B1BE30 /* Info.plist */ = {isa = PBXFileReference; lastKnownFileType = text.plist.xml; path = Info.plist; sourceTree = "<group>"; };
		F82FC79C1E9CD48A00B1BE30 /* CZAdditions.h */ = {isa = PBXFileReference; fileEncoding = 4; lastKnownFileType = sourcecode.c.h; path = CZAdditions.h; sourceTree = "<group>"; };
		F82FC79D1E9CD48A00B1BE30 /* NSArray+Log.h */ = {isa = PBXFileReference; fileEncoding = 4; lastKnownFileType = sourcecode.c.h; path = "NSArray+Log.h"; sourceTree = "<group>"; };
		F82FC79E1E9CD48A00B1BE30 /* NSArray+Log.m */ = {isa = PBXFileReference; fileEncoding = 4; lastKnownFileType = sourcecode.c.objc; path = "NSArray+Log.m"; sourceTree = "<group>"; };
		F82FC79F1E9CD48A00B1BE30 /* NSAttributedString+CZAdditon.h */ = {isa = PBXFileReference; fileEncoding = 4; lastKnownFileType = sourcecode.c.h; path = "NSAttributedString+CZAdditon.h"; sourceTree = "<group>"; };
		F82FC7A01E9CD48A00B1BE30 /* NSAttributedString+CZAdditon.m */ = {isa = PBXFileReference; fileEncoding = 4; lastKnownFileType = sourcecode.c.objc; path = "NSAttributedString+CZAdditon.m"; sourceTree = "<group>"; };
		F82FC7A11E9CD48A00B1BE30 /* NSObject+CZRuntime.h */ = {isa = PBXFileReference; fileEncoding = 4; lastKnownFileType = sourcecode.c.h; path = "NSObject+CZRuntime.h"; sourceTree = "<group>"; };
		F82FC7A21E9CD48A00B1BE30 /* NSObject+CZRuntime.m */ = {isa = PBXFileReference; fileEncoding = 4; lastKnownFileType = sourcecode.c.objc; path = "NSObject+CZRuntime.m"; sourceTree = "<group>"; };
		F82FC7A31E9CD48A00B1BE30 /* NSString+CZBase64.h */ = {isa = PBXFileReference; fileEncoding = 4; lastKnownFileType = sourcecode.c.h; path = "NSString+CZBase64.h"; sourceTree = "<group>"; };
		F82FC7A41E9CD48A00B1BE30 /* NSString+CZBase64.m */ = {isa = PBXFileReference; fileEncoding = 4; lastKnownFileType = sourcecode.c.objc; path = "NSString+CZBase64.m"; sourceTree = "<group>"; };
		F82FC7A51E9CD48A00B1BE30 /* NSString+CZHash.h */ = {isa = PBXFileReference; fileEncoding = 4; lastKnownFileType = sourcecode.c.h; path = "NSString+CZHash.h"; sourceTree = "<group>"; };
		F82FC7A61E9CD48A00B1BE30 /* NSString+CZHash.m */ = {isa = PBXFileReference; fileEncoding = 4; lastKnownFileType = sourcecode.c.objc; path = "NSString+CZHash.m"; sourceTree = "<group>"; };
		F82FC7A71E9CD48A00B1BE30 /* NSString+CZPath.h */ = {isa = PBXFileReference; fileEncoding = 4; lastKnownFileType = sourcecode.c.h; path = "NSString+CZPath.h"; sourceTree = "<group>"; };
		F82FC7A81E9CD48A00B1BE30 /* NSString+CZPath.m */ = {isa = PBXFileReference; fileEncoding = 4; lastKnownFileType = sourcecode.c.objc; path = "NSString+CZPath.m"; sourceTree = "<group>"; };
		F82FC7A91E9CD48A00B1BE30 /* UIButton+CZAddition.h */ = {isa = PBXFileReference; fileEncoding = 4; lastKnownFileType = sourcecode.c.h; path = "UIButton+CZAddition.h"; sourceTree = "<group>"; };
		F82FC7AA1E9CD48A00B1BE30 /* UIButton+CZAddition.m */ = {isa = PBXFileReference; fileEncoding = 4; lastKnownFileType = sourcecode.c.objc; path = "UIButton+CZAddition.m"; sourceTree = "<group>"; };
		F82FC7AB1E9CD48A00B1BE30 /* UIColor+CZAddition.h */ = {isa = PBXFileReference; fileEncoding = 4; lastKnownFileType = sourcecode.c.h; path = "UIColor+CZAddition.h"; sourceTree = "<group>"; };
		F82FC7AC1E9CD48A00B1BE30 /* UIColor+CZAddition.m */ = {isa = PBXFileReference; fileEncoding = 4; lastKnownFileType = sourcecode.c.objc; path = "UIColor+CZAddition.m"; sourceTree = "<group>"; };
		F82FC7AD1E9CD48A00B1BE30 /* UILabel+CZAddition.h */ = {isa = PBXFileReference; fileEncoding = 4; lastKnownFileType = sourcecode.c.h; path = "UILabel+CZAddition.h"; sourceTree = "<group>"; };
		F82FC7AE1E9CD48A00B1BE30 /* UILabel+CZAddition.m */ = {isa = PBXFileReference; fileEncoding = 4; lastKnownFileType = sourcecode.c.objc; path = "UILabel+CZAddition.m"; sourceTree = "<group>"; };
		F82FC7AF1E9CD48A00B1BE30 /* UIScreen+CZAddition.h */ = {isa = PBXFileReference; fileEncoding = 4; lastKnownFileType = sourcecode.c.h; path = "UIScreen+CZAddition.h"; sourceTree = "<group>"; };
		F82FC7B01E9CD48A00B1BE30 /* UIScreen+CZAddition.m */ = {isa = PBXFileReference; fileEncoding = 4; lastKnownFileType = sourcecode.c.objc; path = "UIScreen+CZAddition.m"; sourceTree = "<group>"; };
		F82FC7B11E9CD48A00B1BE30 /* UIView+CZAddition.h */ = {isa = PBXFileReference; fileEncoding = 4; lastKnownFileType = sourcecode.c.h; path = "UIView+CZAddition.h"; sourceTree = "<group>"; };
		F82FC7B21E9CD48A00B1BE30 /* UIView+CZAddition.m */ = {isa = PBXFileReference; fileEncoding = 4; lastKnownFileType = sourcecode.c.objc; path = "UIView+CZAddition.m"; sourceTree = "<group>"; };
		F82FC7B31E9CD48A00B1BE30 /* UIViewController+CZAddition.h */ = {isa = PBXFileReference; fileEncoding = 4; lastKnownFileType = sourcecode.c.h; path = "UIViewController+CZAddition.h"; sourceTree = "<group>"; };
		F82FC7B41E9CD48A00B1BE30 /* UIViewController+CZAddition.m */ = {isa = PBXFileReference; fileEncoding = 4; lastKnownFileType = sourcecode.c.objc; path = "UIViewController+CZAddition.m"; sourceTree = "<group>"; };
		F82FC7C11E9CD50100B1BE30 /* LBXiongMaoTV-Bridge.h */ = {isa = PBXFileReference; fileEncoding = 4; lastKnownFileType = sourcecode.c.h; path = "LBXiongMaoTV-Bridge.h"; sourceTree = "<group>"; };
		F84A45461E9DDD65004C26B8 /* LBXMSmallXiuVController.swift */ = {isa = PBXFileReference; fileEncoding = 4; lastKnownFileType = sourcecode.swift; path = LBXMSmallXiuVController.swift; sourceTree = "<group>"; };
		F84A45491E9DDD6C004C26B8 /* LBXMYuLeVController.swift */ = {isa = PBXFileReference; fileEncoding = 4; lastKnownFileType = sourcecode.swift; path = LBXMYuLeVController.swift; sourceTree = "<group>"; };
		F84A454C1E9DDD73004C26B8 /* LBXMGameVController.swift */ = {isa = PBXFileReference; fileEncoding = 4; lastKnownFileType = sourcecode.swift; path = LBXMGameVController.swift; sourceTree = "<group>"; };
		F84A454F1E9DDD79004C26B8 /* LBXMHomeVController.swift */ = {isa = PBXFileReference; fileEncoding = 4; lastKnownFileType = sourcecode.swift; path = LBXMHomeVController.swift; sourceTree = "<group>"; };
		F84A45531E9E0CB3004C26B8 /* LBXMSearchVController.swift */ = {isa = PBXFileReference; fileEncoding = 4; lastKnownFileType = sourcecode.swift; path = LBXMSearchVController.swift; sourceTree = "<group>"; };
		F85899C61E9F004400AAE36B /* LBXMNetWork.swift */ = {isa = PBXFileReference; fileEncoding = 4; lastKnownFileType = sourcecode.swift; path = LBXMNetWork.swift; sourceTree = "<group>"; };
		F85899C81E9F0C5700AAE36B /* Alamofire.framework */ = {isa = PBXFileReference; lastKnownFileType = wrapper.framework; name = Alamofire.framework; path = "../../../../Library/Developer/Xcode/DerivedData/LBXiongMaoTV-gornqmfdabtwnaepieiecycuqwnd/Build/Products/Debug-iphonesimulator/Alamofire/Alamofire.framework"; sourceTree = "<group>"; };
		F85899CB1E9F1C5700AAE36B /* LBXMGameViewModel.swift */ = {isa = PBXFileReference; fileEncoding = 4; lastKnownFileType = sourcecode.swift; path = LBXMGameViewModel.swift; sourceTree = "<group>"; };
		F85899D11E9F26AB00AAE36B /* NSObject+YYModel.h */ = {isa = PBXFileReference; fileEncoding = 4; lastKnownFileType = sourcecode.c.h; path = "NSObject+YYModel.h"; sourceTree = "<group>"; };
		F85899D21E9F26AB00AAE36B /* NSObject+YYModel.m */ = {isa = PBXFileReference; fileEncoding = 4; lastKnownFileType = sourcecode.c.objc; path = "NSObject+YYModel.m"; sourceTree = "<group>"; };
		F85899D31E9F26AB00AAE36B /* YYClassInfo.h */ = {isa = PBXFileReference; fileEncoding = 4; lastKnownFileType = sourcecode.c.h; path = YYClassInfo.h; sourceTree = "<group>"; };
		F85899D41E9F26AB00AAE36B /* YYClassInfo.m */ = {isa = PBXFileReference; fileEncoding = 4; lastKnownFileType = sourcecode.c.objc; path = YYClassInfo.m; sourceTree = "<group>"; };
		F85899D51E9F26AB00AAE36B /* YYModel.h */ = {isa = PBXFileReference; fileEncoding = 4; lastKnownFileType = sourcecode.c.h; path = YYModel.h; sourceTree = "<group>"; };
		F85899DE1E9F282100AAE36B /* LBXMGameModel.swift */ = {isa = PBXFileReference; fileEncoding = 4; lastKnownFileType = sourcecode.swift; path = LBXMGameModel.swift; sourceTree = "<group>"; };
		F85899E11E9F594200AAE36B /* LBXMGameCell.swift */ = {isa = PBXFileReference; fileEncoding = 4; lastKnownFileType = sourcecode.swift; path = LBXMGameCell.swift; sourceTree = "<group>"; };
		F85899E71E9F5E2200AAE36B /* Constraint.swift */ = {isa = PBXFileReference; fileEncoding = 4; lastKnownFileType = sourcecode.swift; path = Constraint.swift; sourceTree = "<group>"; };
		F85899E81E9F5E2200AAE36B /* ConstraintAttributes.swift */ = {isa = PBXFileReference; fileEncoding = 4; lastKnownFileType = sourcecode.swift; path = ConstraintAttributes.swift; sourceTree = "<group>"; };
		F85899E91E9F5E2200AAE36B /* ConstraintConfig.swift */ = {isa = PBXFileReference; fileEncoding = 4; lastKnownFileType = sourcecode.swift; path = ConstraintConfig.swift; sourceTree = "<group>"; };
		F85899EA1E9F5E2200AAE36B /* ConstraintConstantTarget.swift */ = {isa = PBXFileReference; fileEncoding = 4; lastKnownFileType = sourcecode.swift; path = ConstraintConstantTarget.swift; sourceTree = "<group>"; };
		F85899EB1E9F5E2200AAE36B /* ConstraintDescription.swift */ = {isa = PBXFileReference; fileEncoding = 4; lastKnownFileType = sourcecode.swift; path = ConstraintDescription.swift; sourceTree = "<group>"; };
		F85899EC1E9F5E2200AAE36B /* ConstraintDSL.swift */ = {isa = PBXFileReference; fileEncoding = 4; lastKnownFileType = sourcecode.swift; path = ConstraintDSL.swift; sourceTree = "<group>"; };
		F85899ED1E9F5E2200AAE36B /* ConstraintInsets.swift */ = {isa = PBXFileReference; fileEncoding = 4; lastKnownFileType = sourcecode.swift; path = ConstraintInsets.swift; sourceTree = "<group>"; };
		F85899EE1E9F5E2200AAE36B /* ConstraintInsetTarget.swift */ = {isa = PBXFileReference; fileEncoding = 4; lastKnownFileType = sourcecode.swift; path = ConstraintInsetTarget.swift; sourceTree = "<group>"; };
		F85899EF1E9F5E2200AAE36B /* ConstraintItem.swift */ = {isa = PBXFileReference; fileEncoding = 4; lastKnownFileType = sourcecode.swift; path = ConstraintItem.swift; sourceTree = "<group>"; };
		F85899F01E9F5E2200AAE36B /* ConstraintLayoutGuide.swift */ = {isa = PBXFileReference; fileEncoding = 4; lastKnownFileType = sourcecode.swift; path = ConstraintLayoutGuide.swift; sourceTree = "<group>"; };
		F85899F11E9F5E2200AAE36B /* ConstraintLayoutGuideDSL.swift */ = {isa = PBXFileReference; fileEncoding = 4; lastKnownFileType = sourcecode.swift; path = ConstraintLayoutGuideDSL.swift; sourceTree = "<group>"; };
		F85899F21E9F5E2200AAE36B /* ConstraintLayoutSupport.swift */ = {isa = PBXFileReference; fileEncoding = 4; lastKnownFileType = sourcecode.swift; path = ConstraintLayoutSupport.swift; sourceTree = "<group>"; };
		F85899F31E9F5E2200AAE36B /* ConstraintLayoutSupportDSL.swift */ = {isa = PBXFileReference; fileEncoding = 4; lastKnownFileType = sourcecode.swift; path = ConstraintLayoutSupportDSL.swift; sourceTree = "<group>"; };
		F85899F41E9F5E2200AAE36B /* ConstraintMaker.swift */ = {isa = PBXFileReference; fileEncoding = 4; lastKnownFileType = sourcecode.swift; path = ConstraintMaker.swift; sourceTree = "<group>"; };
		F85899F51E9F5E2200AAE36B /* ConstraintMakerEditable.swift */ = {isa = PBXFileReference; fileEncoding = 4; lastKnownFileType = sourcecode.swift; path = ConstraintMakerEditable.swift; sourceTree = "<group>"; };
		F85899F61E9F5E2200AAE36B /* ConstraintMakerExtendable.swift */ = {isa = PBXFileReference; fileEncoding = 4; lastKnownFileType = sourcecode.swift; path = ConstraintMakerExtendable.swift; sourceTree = "<group>"; };
		F85899F71E9F5E2200AAE36B /* ConstraintMakerFinalizable.swift */ = {isa = PBXFileReference; fileEncoding = 4; lastKnownFileType = sourcecode.swift; path = ConstraintMakerFinalizable.swift; sourceTree = "<group>"; };
		F85899F81E9F5E2200AAE36B /* ConstraintMakerPriortizable.swift */ = {isa = PBXFileReference; fileEncoding = 4; lastKnownFileType = sourcecode.swift; path = ConstraintMakerPriortizable.swift; sourceTree = "<group>"; };
		F85899F91E9F5E2200AAE36B /* ConstraintMakerRelatable.swift */ = {isa = PBXFileReference; fileEncoding = 4; lastKnownFileType = sourcecode.swift; path = ConstraintMakerRelatable.swift; sourceTree = "<group>"; };
		F85899FA1E9F5E2200AAE36B /* ConstraintMultiplierTarget.swift */ = {isa = PBXFileReference; fileEncoding = 4; lastKnownFileType = sourcecode.swift; path = ConstraintMultiplierTarget.swift; sourceTree = "<group>"; };
		F85899FB1E9F5E2200AAE36B /* ConstraintOffsetTarget.swift */ = {isa = PBXFileReference; fileEncoding = 4; lastKnownFileType = sourcecode.swift; path = ConstraintOffsetTarget.swift; sourceTree = "<group>"; };
		F85899FC1E9F5E2200AAE36B /* ConstraintPriorityTarget.swift */ = {isa = PBXFileReference; fileEncoding = 4; lastKnownFileType = sourcecode.swift; path = ConstraintPriorityTarget.swift; sourceTree = "<group>"; };
		F85899FD1E9F5E2200AAE36B /* ConstraintRelatableTarget.swift */ = {isa = PBXFileReference; fileEncoding = 4; lastKnownFileType = sourcecode.swift; path = ConstraintRelatableTarget.swift; sourceTree = "<group>"; };
		F85899FE1E9F5E2200AAE36B /* ConstraintRelation.swift */ = {isa = PBXFileReference; fileEncoding = 4; lastKnownFileType = sourcecode.swift; path = ConstraintRelation.swift; sourceTree = "<group>"; };
		F85899FF1E9F5E2200AAE36B /* ConstraintView+Extensions.swift */ = {isa = PBXFileReference; fileEncoding = 4; lastKnownFileType = sourcecode.swift; path = "ConstraintView+Extensions.swift"; sourceTree = "<group>"; };
		F8589A001E9F5E2200AAE36B /* ConstraintView.swift */ = {isa = PBXFileReference; fileEncoding = 4; lastKnownFileType = sourcecode.swift; path = ConstraintView.swift; sourceTree = "<group>"; };
		F8589A011E9F5E2200AAE36B /* ConstraintViewDSL.swift */ = {isa = PBXFileReference; fileEncoding = 4; lastKnownFileType = sourcecode.swift; path = ConstraintViewDSL.swift; sourceTree = "<group>"; };
		F8589A021E9F5E2200AAE36B /* Debugging.swift */ = {isa = PBXFileReference; fileEncoding = 4; lastKnownFileType = sourcecode.swift; path = Debugging.swift; sourceTree = "<group>"; };
		F8589A031E9F5E2200AAE36B /* LayoutConstraint.swift */ = {isa = PBXFileReference; fileEncoding = 4; lastKnownFileType = sourcecode.swift; path = LayoutConstraint.swift; sourceTree = "<group>"; };
		F8589A041E9F5E2200AAE36B /* UILayoutGuide+Extensions.swift */ = {isa = PBXFileReference; fileEncoding = 4; lastKnownFileType = sourcecode.swift; path = "UILayoutGuide+Extensions.swift"; sourceTree = "<group>"; };
		F8589A051E9F5E2200AAE36B /* UILayoutSupport+Extensions.swift */ = {isa = PBXFileReference; fileEncoding = 4; lastKnownFileType = sourcecode.swift; path = "UILayoutSupport+Extensions.swift"; sourceTree = "<group>"; };
		F8589A251E9F6E0000AAE36B /* LBXMGameItemVController.swift */ = {isa = PBXFileReference; fileEncoding = 4; lastKnownFileType = sourcecode.swift; path = LBXMGameItemVController.swift; sourceTree = "<group>"; };
		F8589A281E9F752600AAE36B /* LBXMGameItemCell.swift */ = {isa = PBXFileReference; fileEncoding = 4; lastKnownFileType = sourcecode.swift; path = LBXMGameItemCell.swift; sourceTree = "<group>"; };
		F86FC55D1EA0660B00BE416C /* LBXMMineGroup.swift */ = {isa = PBXFileReference; fileEncoding = 4; lastKnownFileType = sourcecode.swift; path = LBXMMineGroup.swift; sourceTree = "<group>"; };
		F86FC55F1EA0663A00BE416C /* LBXMMineItem.swift */ = {isa = PBXFileReference; fileEncoding = 4; lastKnownFileType = sourcecode.swift; path = LBXMMineItem.swift; sourceTree = "<group>"; };
		F86FC5611EA066FA00BE416C /* LBXMMineItemArrow.swift */ = {isa = PBXFileReference; fileEncoding = 4; lastKnownFileType = sourcecode.swift; path = LBXMMineItemArrow.swift; sourceTree = "<group>"; };
		F887E34F1EA492F3006399F7 /* UIView+YMExtension.h */ = {isa = PBXFileReference; fileEncoding = 4; lastKnownFileType = sourcecode.c.h; path = "UIView+YMExtension.h"; sourceTree = "<group>"; };
		F887E3501EA492F3006399F7 /* UIView+YMExtension.m */ = {isa = PBXFileReference; fileEncoding = 4; lastKnownFileType = sourcecode.c.objc; path = "UIView+YMExtension.m"; sourceTree = "<group>"; };
		F887E3661EA4A6DD006399F7 /* LBXMOutdoorVController.swift */ = {isa = PBXFileReference; fileEncoding = 4; lastKnownFileType = sourcecode.swift; path = LBXMOutdoorVController.swift; sourceTree = "<group>"; };
		F887E3681EA4A6F4006399F7 /* LBXMPetVController.swift */ = {isa = PBXFileReference; fileEncoding = 4; lastKnownFileType = sourcecode.swift; path = LBXMPetVController.swift; sourceTree = "<group>"; };
		F887E36A1EA4A6FF006399F7 /* LBXMXinXiuVController.swift */ = {isa = PBXFileReference; fileEncoding = 4; lastKnownFileType = sourcecode.swift; path = LBXMXinXiuVController.swift; sourceTree = "<group>"; };
		F887E36C1EA4A70E006399F7 /* LBXMMusicVController.swift */ = {isa = PBXFileReference; fileEncoding = 4; lastKnownFileType = sourcecode.swift; path = LBXMMusicVController.swift; sourceTree = "<group>"; };
		F887E36E1EA4A726006399F7 /* LBXMYouVController.swift */ = {isa = PBXFileReference; fileEncoding = 4; lastKnownFileType = sourcecode.swift; path = LBXMYouVController.swift; sourceTree = "<group>"; };
		F887E3731EA4B2CF006399F7 /* Bundle+Extensions.swift */ = {isa = PBXFileReference; fileEncoding = 4; lastKnownFileType = sourcecode.swift; path = "Bundle+Extensions.swift"; sourceTree = "<group>"; };
		F88E26ED1EA5AFE600B6BA9D /* LBXMYuLeBaseVController.swift */ = {isa = PBXFileReference; fileEncoding = 4; lastKnownFileType = sourcecode.swift; path = LBXMYuLeBaseVController.swift; sourceTree = "<group>"; };
		F88E26F01EA5B01400B6BA9D /* LBXMYuLeBaseCell.swift */ = {isa = PBXFileReference; fileEncoding = 4; lastKnownFileType = sourcecode.swift; path = LBXMYuLeBaseCell.swift; sourceTree = "<group>"; };
		F8E1F6671E9E1B8F0068F099 /* LBXMNavVController.swift */ = {isa = PBXFileReference; fileEncoding = 4; lastKnownFileType = sourcecode.swift; path = LBXMNavVController.swift; sourceTree = "<group>"; };
		F8E1F6681E9E1B8F0068F099 /* LBXMTabBarVController.swift */ = {isa = PBXFileReference; fileEncoding = 4; lastKnownFileType = sourcecode.swift; path = LBXMTabBarVController.swift; sourceTree = "<group>"; };
/* End PBXFileReference section */

/* Begin PBXFrameworksBuildPhase section */
		F82FC7821E9CD0A500B1BE30 /* Frameworks */ = {
			isa = PBXFrameworksBuildPhase;
			buildActionMask = 2147483647;
			files = (
				31A7E3547F416E6452E26EDF /* Pods_LBXiongMaoTV.framework in Frameworks */,
			);
			runOnlyForDeploymentPostprocessing = 0;
		};
/* End PBXFrameworksBuildPhase section */

/* Begin PBXGroup section */
		355F253C2E463E1C555AF179 /* Frameworks */ = {
			isa = PBXGroup;
			children = (
				F85899C81E9F0C5700AAE36B /* Alamofire.framework */,
				9A2F95E49997CB25059A4A8F /* Pods_LBXiongMaoTV.framework */,
			);
			name = Frameworks;
			sourceTree = "<group>";
		};
		42121394B7708B59EB3608E3 /* Pods */ = {
			isa = PBXGroup;
			children = (
				B980AC57E8DB9E54BAE2FDE7 /* Pods-LBXiongMaoTV.debug.xcconfig */,
				71879C5AD8F3470758A134DE /* Pods-LBXiongMaoTV.release.xcconfig */,
			);
			name = Pods;
			sourceTree = "<group>";
		};
		F80113881EA0A8C500C6CC8E /* Set(设置) */ = {
			isa = PBXGroup;
			children = (
				F80113891EA0A8C500C6CC8E /* LBXMMineSetVController.swift */,
			);
			path = "Set(设置)";
			sourceTree = "<group>";
		};
		F801138B1EA0AAAF00C6CC8E /* LBXMMineItemLabel */ = {
			isa = PBXGroup;
			children = (
				F801138D1EA0AAC600C6CC8E /* LBXMMineItemLabel.swift */,
			);
			name = LBXMMineItemLabel;
			path = LBXMMineItem/LBXMMineItemLabel;
			sourceTree = "<group>";
		};
		F801138C1EA0AAAF00C6CC8E /* LBXMMineItemSwitch */ = {
			isa = PBXGroup;
			children = (
				F801138F1EA0AAD100C6CC8E /* LBXMMineItemSwitch.swift */,
			);
			name = LBXMMineItemSwitch;
			path = LBXMMineItem/LBXMMineItemSwitch;
			sourceTree = "<group>";
		};
		F80113911EA0AC3200C6CC8E /* mine(我的) */ = {
			isa = PBXGroup;
			children = (
				F80113921EA0AC3200C6CC8E /* LBXMMineVController.swift */,
			);
			path = "mine(我的)";
			sourceTree = "<group>";
		};
		F80113941EA0AC5A00C6CC8E /* Base */ = {
			isa = PBXGroup;
			children = (
				F80113961EA0AC5A00C6CC8E /* LBXMBaseVController.swift */,
				F80113951EA0AC5A00C6CC8E /* LBXMBaseCell.swift */,
			);
			path = Base;
			sourceTree = "<group>";
		};
		F80113991EA0C71900C6CC8E /* LBXMMineItemArrowVController */ = {
			isa = PBXGroup;
			children = (
				F801139A1EA0C72C00C6CC8E /* LBXMMineItemArrowVController.swift */,
			);
			name = LBXMMineItemArrowVController;
			path = Base/LBXMMineItemArrowVController;
			sourceTree = "<group>";
		};
		F801139C1EA0CE7900C6CC8E /* LBXMYuLeModel */ = {
			isa = PBXGroup;
			children = (
				F80113A01EA0CE9600C6CC8E /* LBXMYuLeModel.swift */,
			);
			path = LBXMYuLeModel;
			sourceTree = "<group>";
		};
		F801139D1EA0CE7900C6CC8E /* LBXMYuLeViewModel */ = {
			isa = PBXGroup;
			children = (
				F801139E1EA0CE8A00C6CC8E /* LBXMYuLeViewModel.swift */,
			);
			path = LBXMYuLeViewModel;
			sourceTree = "<group>";
		};
		F82FC77C1E9CD0A500B1BE30 = {
			isa = PBXGroup;
			children = (
				F82FC7871E9CD0A500B1BE30 /* LBXiongMaoTV */,
				F82FC7861E9CD0A500B1BE30 /* Products */,
				42121394B7708B59EB3608E3 /* Pods */,
				355F253C2E463E1C555AF179 /* Frameworks */,
			);
			sourceTree = "<group>";
		};
		F82FC7861E9CD0A500B1BE30 /* Products */ = {
			isa = PBXGroup;
			children = (
				F82FC7851E9CD0A500B1BE30 /* LBXiongMaoTV.app */,
			);
			name = Products;
			sourceTree = "<group>";
		};
		F82FC7871E9CD0A500B1BE30 /* LBXiongMaoTV */ = {
			isa = PBXGroup;
			children = (
				F82FC7881E9CD0A500B1BE30 /* AppDelegate.swift */,
				F8E1F6661E9E1B8F0068F099 /* main */,
				F84A45521E9E0CA4004C26B8 /* search(搜索) */,
				F84A454E1E9DDD79004C26B8 /* home(主页) */,
				F84A454B1E9DDD73004C26B8 /* game(游戏) */,
				F84A45481E9DDD6C004C26B8 /* Entertainment(娱乐) */,
				F84A45451E9DDD65004C26B8 /* SmallXiu(小葱秀) */,
				F84A45421E9DDD5E004C26B8 /* Mine(我的) */,
				F85899E51E9F5E2200AAE36B /* common */,
				F82FC79A1E9CD45D00B1BE30 /* UI框架 */,
				F85899C31E9EFF4200AAE36B /* NetWork(网络) */,
				F82FC7C11E9CD50100B1BE30 /* LBXiongMaoTV-Bridge.h */,
				F82FC78F1E9CD0A600B1BE30 /* Assets.xcassets */,
				F82FC7911E9CD0A600B1BE30 /* LaunchScreen.storyboard */,
				F82FC7941E9CD0A600B1BE30 /* Info.plist */,
			);
			path = LBXiongMaoTV;
			sourceTree = "<group>";
		};
		F82FC79A1E9CD45D00B1BE30 /* UI框架 */ = {
			isa = PBXGroup;
			children = (
				F887E3721EA4B2CF006399F7 /* Bundle+Extensions */,
				F887E34E1EA492F3006399F7 /* UIView+YMExtension */,
				F85899D01E9F26AB00AAE36B /* YYModel */,
				F82FC79B1E9CD48A00B1BE30 /* Additions */,
			);
			path = "UI框架";
			sourceTree = "<group>";
		};
		F82FC79B1E9CD48A00B1BE30 /* Additions */ = {
			isa = PBXGroup;
			children = (
				F82FC79C1E9CD48A00B1BE30 /* CZAdditions.h */,
				F82FC79D1E9CD48A00B1BE30 /* NSArray+Log.h */,
				F82FC79E1E9CD48A00B1BE30 /* NSArray+Log.m */,
				F82FC79F1E9CD48A00B1BE30 /* NSAttributedString+CZAdditon.h */,
				F82FC7A01E9CD48A00B1BE30 /* NSAttributedString+CZAdditon.m */,
				F82FC7A11E9CD48A00B1BE30 /* NSObject+CZRuntime.h */,
				F82FC7A21E9CD48A00B1BE30 /* NSObject+CZRuntime.m */,
				F82FC7A31E9CD48A00B1BE30 /* NSString+CZBase64.h */,
				F82FC7A41E9CD48A00B1BE30 /* NSString+CZBase64.m */,
				F82FC7A51E9CD48A00B1BE30 /* NSString+CZHash.h */,
				F82FC7A61E9CD48A00B1BE30 /* NSString+CZHash.m */,
				F82FC7A71E9CD48A00B1BE30 /* NSString+CZPath.h */,
				F82FC7A81E9CD48A00B1BE30 /* NSString+CZPath.m */,
				F82FC7A91E9CD48A00B1BE30 /* UIButton+CZAddition.h */,
				F82FC7AA1E9CD48A00B1BE30 /* UIButton+CZAddition.m */,
				F82FC7AB1E9CD48A00B1BE30 /* UIColor+CZAddition.h */,
				F82FC7AC1E9CD48A00B1BE30 /* UIColor+CZAddition.m */,
				F82FC7AD1E9CD48A00B1BE30 /* UILabel+CZAddition.h */,
				F82FC7AE1E9CD48A00B1BE30 /* UILabel+CZAddition.m */,
				F82FC7AF1E9CD48A00B1BE30 /* UIScreen+CZAddition.h */,
				F82FC7B01E9CD48A00B1BE30 /* UIScreen+CZAddition.m */,
				F82FC7B11E9CD48A00B1BE30 /* UIView+CZAddition.h */,
				F82FC7B21E9CD48A00B1BE30 /* UIView+CZAddition.m */,
				F82FC7B31E9CD48A00B1BE30 /* UIViewController+CZAddition.h */,
				F82FC7B41E9CD48A00B1BE30 /* UIViewController+CZAddition.m */,
			);
			path = Additions;
			sourceTree = "<group>";
		};
		F84A45421E9DDD5E004C26B8 /* Mine(我的) */ = {
			isa = PBXGroup;
			children = (
				F80113991EA0C71900C6CC8E /* LBXMMineItemArrowVController */,
				F80113941EA0AC5A00C6CC8E /* Base */,
				F80113911EA0AC3200C6CC8E /* mine(我的) */,
				F80113881EA0A8C500C6CC8E /* Set(设置) */,
				F86FC55A1EA065E400BE416C /* LBXMMineGroupModel */,
				F86FC55B1EA065E400BE416C /* LBXMMineItem */,
				F801138B1EA0AAAF00C6CC8E /* LBXMMineItemLabel */,
				F801138C1EA0AAAF00C6CC8E /* LBXMMineItemSwitch */,
				F86FC55C1EA065E400BE416C /* LBXMMineItemArrow */,
			);
			path = "Mine(我的)";
			sourceTree = "<group>";
		};
		F84A45451E9DDD65004C26B8 /* SmallXiu(小葱秀) */ = {
			isa = PBXGroup;
			children = (
				F84A45461E9DDD65004C26B8 /* LBXMSmallXiuVController.swift */,
			);
			path = "SmallXiu(小葱秀)";
			sourceTree = "<group>";
		};
		F84A45481E9DDD6C004C26B8 /* Entertainment(娱乐) */ = {
			isa = PBXGroup;
			children = (
				F84A45491E9DDD6C004C26B8 /* LBXMYuLeVController.swift */,
				F88E26EC1EA5AFE600B6BA9D /* BaseVC */,
				F887E3521EA4A0FE006399F7 /* 户外直播 */,
				F887E3531EA4A0FE006399F7 /* 萌宠乐园 */,
				F887E3541EA4A0FE006399F7 /* 熊猫新秀 */,
				F887E3551EA4A0FE006399F7 /* 音乐 */,
				F887E3561EA4A0FE006399F7 /* 桌游 */,
				F801139C1EA0CE7900C6CC8E /* LBXMYuLeModel */,
				F801139D1EA0CE7900C6CC8E /* LBXMYuLeViewModel */,
			);
			path = "Entertainment(娱乐)";
			sourceTree = "<group>";
		};
		F84A454B1E9DDD73004C26B8 /* game(游戏) */ = {
			isa = PBXGroup;
			children = (
				F84A454C1E9DDD73004C26B8 /* LBXMGameVController.swift */,
				F85899E01E9F592F00AAE36B /* LBXMGameCell */,
				F85899DD1E9F282100AAE36B /* LBXMGameModel */,
				F85899CA1E9F1C4A00AAE36B /* LBXMGameViewModel */,
				F8589A251E9F6E0000AAE36B /* LBXMGameItemVController.swift */,
				F8589A271E9F74EB00AAE36B /* LBXMGameItemCell */,
			);
			path = "game(游戏)";
			sourceTree = "<group>";
		};
		F84A454E1E9DDD79004C26B8 /* home(主页) */ = {
			isa = PBXGroup;
			children = (
				F84A454F1E9DDD79004C26B8 /* LBXMHomeVController.swift */,
			);
			path = "home(主页)";
			sourceTree = "<group>";
		};
		F84A45521E9E0CA4004C26B8 /* search(搜索) */ = {
			isa = PBXGroup;
			children = (
				F84A45531E9E0CB3004C26B8 /* LBXMSearchVController.swift */,
			);
			path = "search(搜索)";
			sourceTree = "<group>";
		};
		F85899C31E9EFF4200AAE36B /* NetWork(网络) */ = {
			isa = PBXGroup;
			children = (
				F85899C61E9F004400AAE36B /* LBXMNetWork.swift */,
			);
			path = "NetWork(网络)";
			sourceTree = "<group>";
		};
		F85899CA1E9F1C4A00AAE36B /* LBXMGameViewModel */ = {
			isa = PBXGroup;
			children = (
				F85899CB1E9F1C5700AAE36B /* LBXMGameViewModel.swift */,
			);
			path = LBXMGameViewModel;
			sourceTree = "<group>";
		};
		F85899D01E9F26AB00AAE36B /* YYModel */ = {
			isa = PBXGroup;
			children = (
				F85899D11E9F26AB00AAE36B /* NSObject+YYModel.h */,
				F85899D21E9F26AB00AAE36B /* NSObject+YYModel.m */,
				F85899D31E9F26AB00AAE36B /* YYClassInfo.h */,
				F85899D41E9F26AB00AAE36B /* YYClassInfo.m */,
				F85899D51E9F26AB00AAE36B /* YYModel.h */,
			);
			path = YYModel;
			sourceTree = "<group>";
		};
		F85899DD1E9F282100AAE36B /* LBXMGameModel */ = {
			isa = PBXGroup;
			children = (
				F85899DE1E9F282100AAE36B /* LBXMGameModel.swift */,
			);
			path = LBXMGameModel;
			sourceTree = "<group>";
		};
		F85899E01E9F592F00AAE36B /* LBXMGameCell */ = {
			isa = PBXGroup;
			children = (
				F85899E11E9F594200AAE36B /* LBXMGameCell.swift */,
			);
			path = LBXMGameCell;
			sourceTree = "<group>";
		};
		F85899E51E9F5E2200AAE36B /* common */ = {
			isa = PBXGroup;
			children = (
				F85899E61E9F5E2200AAE36B /* Constraint */,
			);
			path = common;
			sourceTree = "<group>";
		};
		F85899E61E9F5E2200AAE36B /* Constraint */ = {
			isa = PBXGroup;
			children = (
				F85899E71E9F5E2200AAE36B /* Constraint.swift */,
				F85899E81E9F5E2200AAE36B /* ConstraintAttributes.swift */,
				F85899E91E9F5E2200AAE36B /* ConstraintConfig.swift */,
				F85899EA1E9F5E2200AAE36B /* ConstraintConstantTarget.swift */,
				F85899EB1E9F5E2200AAE36B /* ConstraintDescription.swift */,
				F85899EC1E9F5E2200AAE36B /* ConstraintDSL.swift */,
				F85899ED1E9F5E2200AAE36B /* ConstraintInsets.swift */,
				F85899EE1E9F5E2200AAE36B /* ConstraintInsetTarget.swift */,
				F85899EF1E9F5E2200AAE36B /* ConstraintItem.swift */,
				F85899F01E9F5E2200AAE36B /* ConstraintLayoutGuide.swift */,
				F85899F11E9F5E2200AAE36B /* ConstraintLayoutGuideDSL.swift */,
				F85899F21E9F5E2200AAE36B /* ConstraintLayoutSupport.swift */,
				F85899F31E9F5E2200AAE36B /* ConstraintLayoutSupportDSL.swift */,
				F85899F41E9F5E2200AAE36B /* ConstraintMaker.swift */,
				F85899F51E9F5E2200AAE36B /* ConstraintMakerEditable.swift */,
				F85899F61E9F5E2200AAE36B /* ConstraintMakerExtendable.swift */,
				F85899F71E9F5E2200AAE36B /* ConstraintMakerFinalizable.swift */,
				F85899F81E9F5E2200AAE36B /* ConstraintMakerPriortizable.swift */,
				F85899F91E9F5E2200AAE36B /* ConstraintMakerRelatable.swift */,
				F85899FA1E9F5E2200AAE36B /* ConstraintMultiplierTarget.swift */,
				F85899FB1E9F5E2200AAE36B /* ConstraintOffsetTarget.swift */,
				F85899FC1E9F5E2200AAE36B /* ConstraintPriorityTarget.swift */,
				F85899FD1E9F5E2200AAE36B /* ConstraintRelatableTarget.swift */,
				F85899FE1E9F5E2200AAE36B /* ConstraintRelation.swift */,
				F85899FF1E9F5E2200AAE36B /* ConstraintView+Extensions.swift */,
				F8589A001E9F5E2200AAE36B /* ConstraintView.swift */,
				F8589A011E9F5E2200AAE36B /* ConstraintViewDSL.swift */,
				F8589A021E9F5E2200AAE36B /* Debugging.swift */,
				F8589A031E9F5E2200AAE36B /* LayoutConstraint.swift */,
				F8589A041E9F5E2200AAE36B /* UILayoutGuide+Extensions.swift */,
				F8589A051E9F5E2200AAE36B /* UILayoutSupport+Extensions.swift */,
			);
			path = Constraint;
			sourceTree = "<group>";
		};
		F8589A271E9F74EB00AAE36B /* LBXMGameItemCell */ = {
			isa = PBXGroup;
			children = (
				F8589A281E9F752600AAE36B /* LBXMGameItemCell.swift */,
			);
			path = LBXMGameItemCell;
			sourceTree = "<group>";
		};
		F86FC55A1EA065E400BE416C /* LBXMMineGroupModel */ = {
			isa = PBXGroup;
			children = (
				F86FC55D1EA0660B00BE416C /* LBXMMineGroup.swift */,
			);
			path = LBXMMineGroupModel;
			sourceTree = "<group>";
		};
		F86FC55B1EA065E400BE416C /* LBXMMineItem */ = {
			isa = PBXGroup;
			children = (
				F86FC55F1EA0663A00BE416C /* LBXMMineItem.swift */,
			);
			path = LBXMMineItem;
			sourceTree = "<group>";
		};
		F86FC55C1EA065E400BE416C /* LBXMMineItemArrow */ = {
			isa = PBXGroup;
			children = (
				F86FC5611EA066FA00BE416C /* LBXMMineItemArrow.swift */,
			);
			path = LBXMMineItemArrow;
			sourceTree = "<group>";
		};
		F887E34E1EA492F3006399F7 /* UIView+YMExtension */ = {
			isa = PBXGroup;
			children = (
				F887E34F1EA492F3006399F7 /* UIView+YMExtension.h */,
				F887E3501EA492F3006399F7 /* UIView+YMExtension.m */,
			);
			path = "UIView+YMExtension";
			sourceTree = "<group>";
		};
		F887E3521EA4A0FE006399F7 /* 户外直播 */ = {
			isa = PBXGroup;
			children = (
				F887E3661EA4A6DD006399F7 /* LBXMOutdoorVController.swift */,
			);
			path = "户外直播";
			sourceTree = "<group>";
		};
		F887E3531EA4A0FE006399F7 /* 萌宠乐园 */ = {
			isa = PBXGroup;
			children = (
				F887E3681EA4A6F4006399F7 /* LBXMPetVController.swift */,
			);
			path = "萌宠乐园";
			sourceTree = "<group>";
		};
		F887E3541EA4A0FE006399F7 /* 熊猫新秀 */ = {
			isa = PBXGroup;
			children = (
				F887E36A1EA4A6FF006399F7 /* LBXMXinXiuVController.swift */,
			);
			path = "熊猫新秀";
			sourceTree = "<group>";
		};
		F887E3551EA4A0FE006399F7 /* 音乐 */ = {
			isa = PBXGroup;
			children = (
				F887E36C1EA4A70E006399F7 /* LBXMMusicVController.swift */,
			);
			path = "音乐";
			sourceTree = "<group>";
		};
		F887E3561EA4A0FE006399F7 /* 桌游 */ = {
			isa = PBXGroup;
			children = (
				F887E36E1EA4A726006399F7 /* LBXMYouVController.swift */,
			);
			path = "桌游";
			sourceTree = "<group>";
		};
		F887E3721EA4B2CF006399F7 /* Bundle+Extensions */ = {
			isa = PBXGroup;
			children = (
				F887E3731EA4B2CF006399F7 /* Bundle+Extensions.swift */,
			);
			path = "Bundle+Extensions";
			sourceTree = "<group>";
		};
		F88E26EC1EA5AFE600B6BA9D /* BaseVC */ = {
			isa = PBXGroup;
			children = (
				F88E26ED1EA5AFE600B6BA9D /* LBXMYuLeBaseVController.swift */,
				F88E26EF1EA5AFF900B6BA9D /* LBXMYuLeBaseCell */,
			);
			path = BaseVC;
			sourceTree = "<group>";
		};
		F88E26EF1EA5AFF900B6BA9D /* LBXMYuLeBaseCell */ = {
			isa = PBXGroup;
			children = (
				F88E26F01EA5B01400B6BA9D /* LBXMYuLeBaseCell.swift */,
			);
			path = LBXMYuLeBaseCell;
			sourceTree = "<group>";
		};
		F8E1F6661E9E1B8F0068F099 /* main */ = {
			isa = PBXGroup;
			children = (
				F8E1F6681E9E1B8F0068F099 /* LBXMTabBarVController.swift */,
				F8E1F6671E9E1B8F0068F099 /* LBXMNavVController.swift */,
			);
			path = main;
			sourceTree = "<group>";
		};
/* End PBXGroup section */

/* Begin PBXNativeTarget section */
		F82FC7841E9CD0A500B1BE30 /* LBXiongMaoTV */ = {
			isa = PBXNativeTarget;
			buildConfigurationList = F82FC7971E9CD0A600B1BE30 /* Build configuration list for PBXNativeTarget "LBXiongMaoTV" */;
			buildPhases = (
				BA9425C96510D7F4D1441442 /* [CP] Check Pods Manifest.lock */,
				F82FC7811E9CD0A500B1BE30 /* Sources */,
				F82FC7821E9CD0A500B1BE30 /* Frameworks */,
				F82FC7831E9CD0A500B1BE30 /* Resources */,
				8DF5E1F27053D9C6E962B474 /* [CP] Embed Pods Frameworks */,
				2411B5A346D5282E793BEA79 /* [CP] Copy Pods Resources */,
			);
			buildRules = (
			);
			dependencies = (
			);
			name = LBXiongMaoTV;
			productName = LBXiongMaoTV;
			productReference = F82FC7851E9CD0A500B1BE30 /* LBXiongMaoTV.app */;
			productType = "com.apple.product-type.application";
		};
/* End PBXNativeTarget section */

/* Begin PBXProject section */
		F82FC77D1E9CD0A500B1BE30 /* Project object */ = {
			isa = PBXProject;
			attributes = {
				CLASSPREFIX = LBXM;
				LastSwiftUpdateCheck = 0830;
				LastUpgradeCheck = 0830;
				ORGANIZATIONNAME = YunMei;
				TargetAttributes = {
					F82FC7841E9CD0A500B1BE30 = {
						CreatedOnToolsVersion = 8.3.1;
						DevelopmentTeam = MECQS3Z269;
						ProvisioningStyle = Automatic;
					};
				};
			};
			buildConfigurationList = F82FC7801E9CD0A500B1BE30 /* Build configuration list for PBXProject "LBXiongMaoTV" */;
			compatibilityVersion = "Xcode 3.2";
			developmentRegion = English;
			hasScannedForEncodings = 0;
			knownRegions = (
				en,
				Base,
			);
			mainGroup = F82FC77C1E9CD0A500B1BE30;
			productRefGroup = F82FC7861E9CD0A500B1BE30 /* Products */;
			projectDirPath = "";
			projectRoot = "";
			targets = (
				F82FC7841E9CD0A500B1BE30 /* LBXiongMaoTV */,
			);
		};
/* End PBXProject section */

/* Begin PBXResourcesBuildPhase section */
		F82FC7831E9CD0A500B1BE30 /* Resources */ = {
			isa = PBXResourcesBuildPhase;
			buildActionMask = 2147483647;
			files = (
				F82FC7931E9CD0A600B1BE30 /* LaunchScreen.storyboard in Resources */,
				F82FC7901E9CD0A600B1BE30 /* Assets.xcassets in Resources */,
			);
			runOnlyForDeploymentPostprocessing = 0;
		};
/* End PBXResourcesBuildPhase section */

/* Begin PBXShellScriptBuildPhase section */
		2411B5A346D5282E793BEA79 /* [CP] Copy Pods Resources */ = {
			isa = PBXShellScriptBuildPhase;
			buildActionMask = 2147483647;
			files = (
			);
			inputPaths = (
			);
			name = "[CP] Copy Pods Resources";
			outputPaths = (
			);
			runOnlyForDeploymentPostprocessing = 0;
			shellPath = /bin/sh;
			shellScript = "\"${SRCROOT}/Pods/Target Support Files/Pods-LBXiongMaoTV/Pods-LBXiongMaoTV-resources.sh\"\n";
			showEnvVarsInLog = 0;
		};
		8DF5E1F27053D9C6E962B474 /* [CP] Embed Pods Frameworks */ = {
			isa = PBXShellScriptBuildPhase;
			buildActionMask = 2147483647;
			files = (
			);
			inputPaths = (
			);
			name = "[CP] Embed Pods Frameworks";
			outputPaths = (
			);
			runOnlyForDeploymentPostprocessing = 0;
			shellPath = /bin/sh;
			shellScript = "\"${SRCROOT}/Pods/Target Support Files/Pods-LBXiongMaoTV/Pods-LBXiongMaoTV-frameworks.sh\"\n";
			showEnvVarsInLog = 0;
		};
		BA9425C96510D7F4D1441442 /* [CP] Check Pods Manifest.lock */ = {
			isa = PBXShellScriptBuildPhase;
			buildActionMask = 2147483647;
			files = (
			);
			inputPaths = (
			);
			name = "[CP] Check Pods Manifest.lock";
			outputPaths = (
			);
			runOnlyForDeploymentPostprocessing = 0;
			shellPath = /bin/sh;
			shellScript = "diff \"${PODS_ROOT}/../Podfile.lock\" \"${PODS_ROOT}/Manifest.lock\" > /dev/null\nif [ $? != 0 ] ; then\n    # print error to STDERR\n    echo \"error: The sandbox is not in sync with the Podfile.lock. Run 'pod install' or update your CocoaPods installation.\" >&2\n    exit 1\nfi\n";
			showEnvVarsInLog = 0;
		};
/* End PBXShellScriptBuildPhase section */

/* Begin PBXSourcesBuildPhase section */
		F82FC7811E9CD0A500B1BE30 /* Sources */ = {
			isa = PBXSourcesBuildPhase;
			buildActionMask = 2147483647;
			files = (
				F8E1F66A1E9E1B8F0068F099 /* LBXMTabBarVController.swift in Sources */,
				F82FC7C01E9CD48A00B1BE30 /* UIViewController+CZAddition.m in Sources */,
				F801139F1EA0CE8A00C6CC8E /* LBXMYuLeViewModel.swift in Sources */,
				F8589A0F1E9F5E2200AAE36B /* ConstraintLayoutGuide.swift in Sources */,
				F887E3511EA492F3006399F7 /* UIView+YMExtension.m in Sources */,
				F8589A1B1E9F5E2200AAE36B /* ConstraintPriorityTarget.swift in Sources */,
				F8589A071E9F5E2200AAE36B /* ConstraintAttributes.swift in Sources */,
				F8589A121E9F5E2200AAE36B /* ConstraintLayoutSupportDSL.swift in Sources */,
				F8589A1F1E9F5E2200AAE36B /* ConstraintView.swift in Sources */,
				F85899DF1E9F282100AAE36B /* LBXMGameModel.swift in Sources */,
				F84A454D1E9DDD73004C26B8 /* LBXMGameVController.swift in Sources */,
				F8589A151E9F5E2200AAE36B /* ConstraintMakerExtendable.swift in Sources */,
				F8589A131E9F5E2200AAE36B /* ConstraintMaker.swift in Sources */,
				F801138E1EA0AAC600C6CC8E /* LBXMMineItemLabel.swift in Sources */,
				F80113971EA0AC5A00C6CC8E /* LBXMBaseCell.swift in Sources */,
				F8589A191E9F5E2200AAE36B /* ConstraintMultiplierTarget.swift in Sources */,
				F887E36F1EA4A726006399F7 /* LBXMYouVController.swift in Sources */,
				F8589A221E9F5E2200AAE36B /* LayoutConstraint.swift in Sources */,
				F8589A291E9F752600AAE36B /* LBXMGameItemCell.swift in Sources */,
				F8589A1A1E9F5E2200AAE36B /* ConstraintOffsetTarget.swift in Sources */,
				F84A45501E9DDD79004C26B8 /* LBXMHomeVController.swift in Sources */,
				F82FC7891E9CD0A500B1BE30 /* AppDelegate.swift in Sources */,
				F84A454A1E9DDD6C004C26B8 /* LBXMYuLeVController.swift in Sources */,
				F8E1F6691E9E1B8F0068F099 /* LBXMNavVController.swift in Sources */,
				F80113901EA0AAD100C6CC8E /* LBXMMineItemSwitch.swift in Sources */,
				F82FC7B51E9CD48A00B1BE30 /* NSArray+Log.m in Sources */,
				F88E26EE1EA5AFE600B6BA9D /* LBXMYuLeBaseVController.swift in Sources */,
				F8589A171E9F5E2200AAE36B /* ConstraintMakerPriortizable.swift in Sources */,
				F8589A241E9F5E2200AAE36B /* UILayoutSupport+Extensions.swift in Sources */,
				F82FC7BE1E9CD48A00B1BE30 /* UIScreen+CZAddition.m in Sources */,
				F80113931EA0AC3200C6CC8E /* LBXMMineVController.swift in Sources */,
				F8589A1D1E9F5E2200AAE36B /* ConstraintRelation.swift in Sources */,
				F82FC7BF1E9CD48A00B1BE30 /* UIView+CZAddition.m in Sources */,
				F8589A261E9F6E0000AAE36B /* LBXMGameItemVController.swift in Sources */,
				F82FC7B61E9CD48A00B1BE30 /* NSAttributedString+CZAdditon.m in Sources */,
				F85899D61E9F26AB00AAE36B /* NSObject+YYModel.m in Sources */,
				F8589A0B1E9F5E2200AAE36B /* ConstraintDSL.swift in Sources */,
				F82FC7B71E9CD48A00B1BE30 /* NSObject+CZRuntime.m in Sources */,
				F82FC7BA1E9CD48A00B1BE30 /* NSString+CZPath.m in Sources */,
				F801138A1EA0A8C500C6CC8E /* LBXMMineSetVController.swift in Sources */,
				F8589A081E9F5E2200AAE36B /* ConstraintConfig.swift in Sources */,
				F8589A141E9F5E2200AAE36B /* ConstraintMakerEditable.swift in Sources */,
				F8589A111E9F5E2200AAE36B /* ConstraintLayoutSupport.swift in Sources */,
				F887E3691EA4A6F4006399F7 /* LBXMPetVController.swift in Sources */,
				F86FC5621EA066FA00BE416C /* LBXMMineItemArrow.swift in Sources */,
				F84A45541E9E0CB3004C26B8 /* LBXMSearchVController.swift in Sources */,
				F88E26F11EA5B01400B6BA9D /* LBXMYuLeBaseCell.swift in Sources */,
				F8589A061E9F5E2200AAE36B /* Constraint.swift in Sources */,
				F86FC5601EA0663A00BE416C /* LBXMMineItem.swift in Sources */,
				F8589A161E9F5E2200AAE36B /* ConstraintMakerFinalizable.swift in Sources */,
				F80113981EA0AC5A00C6CC8E /* LBXMBaseVController.swift in Sources */,
				F8589A181E9F5E2200AAE36B /* ConstraintMakerRelatable.swift in Sources */,
				F85899E31E9F594200AAE36B /* LBXMGameCell.swift in Sources */,
				F82FC7B91E9CD48A00B1BE30 /* NSString+CZHash.m in Sources */,
				F8589A211E9F5E2200AAE36B /* Debugging.swift in Sources */,
				F82FC7BB1E9CD48A00B1BE30 /* UIButton+CZAddition.m in Sources */,
				F85899CC1E9F1C5700AAE36B /* LBXMGameViewModel.swift in Sources */,
				F86FC55E1EA0660B00BE416C /* LBXMMineGroup.swift in Sources */,
				F85899C71E9F004400AAE36B /* LBXMNetWork.swift in Sources */,
				F8589A1C1E9F5E2200AAE36B /* ConstraintRelatableTarget.swift in Sources */,
				F887E36D1EA4A70E006399F7 /* LBXMMusicVController.swift in Sources */,
				F82FC7BD1E9CD48A00B1BE30 /* UILabel+CZAddition.m in Sources */,
				F8589A1E1E9F5E2200AAE36B /* ConstraintView+Extensions.swift in Sources */,
				F887E36B1EA4A6FF006399F7 /* LBXMXinXiuVController.swift in Sources */,
				F887E3741EA4B2CF006399F7 /* Bundle+Extensions.swift in Sources */,
				F85899D71E9F26AB00AAE36B /* YYClassInfo.m in Sources */,
				F801139B1EA0C72C00C6CC8E /* LBXMMineItemArrowVController.swift in Sources */,
				F8589A0C1E9F5E2200AAE36B /* ConstraintInsets.swift in Sources */,
				F82FC7B81E9CD48A00B1BE30 /* NSString+CZBase64.m in Sources */,
				F887E3671EA4A6DD006399F7 /* LBXMOutdoorVController.swift in Sources */,
				F82FC7BC1E9CD48A00B1BE30 /* UIColor+CZAddition.m in Sources */,
				F84A45471E9DDD65004C26B8 /* LBXMSmallXiuVController.swift in Sources */,
				F8589A101E9F5E2200AAE36B /* ConstraintLayoutGuideDSL.swift in Sources */,
				F80113A11EA0CE9600C6CC8E /* LBXMYuLeModel.swift in Sources */,
				F8589A091E9F5E2200AAE36B /* ConstraintConstantTarget.swift in Sources */,
				F8589A0A1E9F5E2200AAE36B /* ConstraintDescription.swift in Sources */,
				F8589A231E9F5E2200AAE36B /* UILayoutGuide+Extensions.swift in Sources */,
				F8589A0D1E9F5E2200AAE36B /* ConstraintInsetTarget.swift in Sources */,
				F8589A0E1E9F5E2200AAE36B /* ConstraintItem.swift in Sources */,
				F8589A201E9F5E2200AAE36B /* ConstraintViewDSL.swift in Sources */,
			);
			runOnlyForDeploymentPostprocessing = 0;
		};
/* End PBXSourcesBuildPhase section */

/* Begin PBXVariantGroup section */
		F82FC7911E9CD0A600B1BE30 /* LaunchScreen.storyboard */ = {
			isa = PBXVariantGroup;
			children = (
				F82FC7921E9CD0A600B1BE30 /* Base */,
			);
			name = LaunchScreen.storyboard;
			sourceTree = "<group>";
		};
/* End PBXVariantGroup section */

/* Begin XCBuildConfiguration section */
		F82FC7951E9CD0A600B1BE30 /* Debug */ = {
			isa = XCBuildConfiguration;
			buildSettings = {
				ALWAYS_SEARCH_USER_PATHS = NO;
				CLANG_ANALYZER_NONNULL = YES;
				CLANG_ANALYZER_NUMBER_OBJECT_CONVERSION = YES_AGGRESSIVE;
				CLANG_CXX_LANGUAGE_STANDARD = "gnu++0x";
				CLANG_CXX_LIBRARY = "libc++";
				CLANG_ENABLE_MODULES = YES;
				CLANG_ENABLE_OBJC_ARC = YES;
				CLANG_WARN_BOOL_CONVERSION = YES;
				CLANG_WARN_CONSTANT_CONVERSION = YES;
				CLANG_WARN_DIRECT_OBJC_ISA_USAGE = YES_ERROR;
				CLANG_WARN_DOCUMENTATION_COMMENTS = YES;
				CLANG_WARN_EMPTY_BODY = YES;
				CLANG_WARN_ENUM_CONVERSION = YES;
				CLANG_WARN_INFINITE_RECURSION = YES;
				CLANG_WARN_INT_CONVERSION = YES;
				CLANG_WARN_OBJC_ROOT_CLASS = YES_ERROR;
				CLANG_WARN_SUSPICIOUS_MOVE = YES;
				CLANG_WARN_UNREACHABLE_CODE = YES;
				CLANG_WARN__DUPLICATE_METHOD_MATCH = YES;
				"CODE_SIGN_IDENTITY[sdk=iphoneos*]" = "iPhone Developer";
				COPY_PHASE_STRIP = NO;
				DEBUG_INFORMATION_FORMAT = dwarf;
				ENABLE_STRICT_OBJC_MSGSEND = YES;
				ENABLE_TESTABILITY = YES;
				GCC_C_LANGUAGE_STANDARD = gnu99;
				GCC_DYNAMIC_NO_PIC = NO;
				GCC_NO_COMMON_BLOCKS = YES;
				GCC_OPTIMIZATION_LEVEL = 0;
				GCC_PREPROCESSOR_DEFINITIONS = (
					"DEBUG=1",
					"$(inherited)",
				);
				GCC_WARN_64_TO_32_BIT_CONVERSION = YES;
				GCC_WARN_ABOUT_RETURN_TYPE = YES_ERROR;
				GCC_WARN_UNDECLARED_SELECTOR = YES;
				GCC_WARN_UNINITIALIZED_AUTOS = YES_AGGRESSIVE;
				GCC_WARN_UNUSED_FUNCTION = YES;
				GCC_WARN_UNUSED_VARIABLE = YES;
				IPHONEOS_DEPLOYMENT_TARGET = 10.3;
				MTL_ENABLE_DEBUG_INFO = YES;
				ONLY_ACTIVE_ARCH = YES;
				SDKROOT = iphoneos;
				SWIFT_ACTIVE_COMPILATION_CONDITIONS = DEBUG;
				SWIFT_OPTIMIZATION_LEVEL = "-Onone";
			};
			name = Debug;
		};
		F82FC7961E9CD0A600B1BE30 /* Release */ = {
			isa = XCBuildConfiguration;
			buildSettings = {
				ALWAYS_SEARCH_USER_PATHS = NO;
				CLANG_ANALYZER_NONNULL = YES;
				CLANG_ANALYZER_NUMBER_OBJECT_CONVERSION = YES_AGGRESSIVE;
				CLANG_CXX_LANGUAGE_STANDARD = "gnu++0x";
				CLANG_CXX_LIBRARY = "libc++";
				CLANG_ENABLE_MODULES = YES;
				CLANG_ENABLE_OBJC_ARC = YES;
				CLANG_WARN_BOOL_CONVERSION = YES;
				CLANG_WARN_CONSTANT_CONVERSION = YES;
				CLANG_WARN_DIRECT_OBJC_ISA_USAGE = YES_ERROR;
				CLANG_WARN_DOCUMENTATION_COMMENTS = YES;
				CLANG_WARN_EMPTY_BODY = YES;
				CLANG_WARN_ENUM_CONVERSION = YES;
				CLANG_WARN_INFINITE_RECURSION = YES;
				CLANG_WARN_INT_CONVERSION = YES;
				CLANG_WARN_OBJC_ROOT_CLASS = YES_ERROR;
				CLANG_WARN_SUSPICIOUS_MOVE = YES;
				CLANG_WARN_UNREACHABLE_CODE = YES;
				CLANG_WARN__DUPLICATE_METHOD_MATCH = YES;
				"CODE_SIGN_IDENTITY[sdk=iphoneos*]" = "iPhone Developer";
				COPY_PHASE_STRIP = NO;
				DEBUG_INFORMATION_FORMAT = "dwarf-with-dsym";
				ENABLE_NS_ASSERTIONS = NO;
				ENABLE_STRICT_OBJC_MSGSEND = YES;
				GCC_C_LANGUAGE_STANDARD = gnu99;
				GCC_NO_COMMON_BLOCKS = YES;
				GCC_WARN_64_TO_32_BIT_CONVERSION = YES;
				GCC_WARN_ABOUT_RETURN_TYPE = YES_ERROR;
				GCC_WARN_UNDECLARED_SELECTOR = YES;
				GCC_WARN_UNINITIALIZED_AUTOS = YES_AGGRESSIVE;
				GCC_WARN_UNUSED_FUNCTION = YES;
				GCC_WARN_UNUSED_VARIABLE = YES;
				IPHONEOS_DEPLOYMENT_TARGET = 10.3;
				MTL_ENABLE_DEBUG_INFO = NO;
				SDKROOT = iphoneos;
				SWIFT_OPTIMIZATION_LEVEL = "-Owholemodule";
				VALIDATE_PRODUCT = YES;
			};
			name = Release;
		};
		F82FC7981E9CD0A600B1BE30 /* Debug */ = {
			isa = XCBuildConfiguration;
			baseConfigurationReference = B980AC57E8DB9E54BAE2FDE7 /* Pods-LBXiongMaoTV.debug.xcconfig */;
			buildSettings = {
				ASSETCATALOG_COMPILER_APPICON_NAME = AppIcon;
				ASSETCATALOG_COMPILER_LAUNCHIMAGE_NAME = LaunchImage;
				DEVELOPMENT_TEAM = MECQS3Z269;
				INFOPLIST_FILE = LBXiongMaoTV/Info.plist;
				IPHONEOS_DEPLOYMENT_TARGET = 8.0;
				LD_RUNPATH_SEARCH_PATHS = "$(inherited) @executable_path/Frameworks";
				PRODUCT_BUNDLE_IDENTIFIER = com.Yunmei.LBXiongMaoTV;
				PRODUCT_NAME = "$(TARGET_NAME)";
				SWIFT_OBJC_BRIDGING_HEADER = "LBXiongMaoTV/LBXiongMaoTV-Bridge.h";
				SWIFT_VERSION = 3.0;
			};
			name = Debug;
		};
		F82FC7991E9CD0A600B1BE30 /* Release */ = {
			isa = XCBuildConfiguration;
			baseConfigurationReference = 71879C5AD8F3470758A134DE /* Pods-LBXiongMaoTV.release.xcconfig */;
			buildSettings = {
				ASSETCATALOG_COMPILER_APPICON_NAME = AppIcon;
				ASSETCATALOG_COMPILER_LAUNCHIMAGE_NAME = LaunchImage;
				DEVELOPMENT_TEAM = MECQS3Z269;
				INFOPLIST_FILE = LBXiongMaoTV/Info.plist;
				IPHONEOS_DEPLOYMENT_TARGET = 8.0;
				LD_RUNPATH_SEARCH_PATHS = "$(inherited) @executable_path/Frameworks";
				PRODUCT_BUNDLE_IDENTIFIER = com.Yunmei.LBXiongMaoTV;
				PRODUCT_NAME = "$(TARGET_NAME)";
				SWIFT_OBJC_BRIDGING_HEADER = "LBXiongMaoTV/LBXiongMaoTV-Bridge.h";
				SWIFT_VERSION = 3.0;
			};
			name = Release;
		};
/* End XCBuildConfiguration section */

/* Begin XCConfigurationList section */
		F82FC7801E9CD0A500B1BE30 /* Build configuration list for PBXProject "LBXiongMaoTV" */ = {
			isa = XCConfigurationList;
			buildConfigurations = (
				F82FC7951E9CD0A600B1BE30 /* Debug */,
				F82FC7961E9CD0A600B1BE30 /* Release */,
			);
			defaultConfigurationIsVisible = 0;
			defaultConfigurationName = Release;
		};
		F82FC7971E9CD0A600B1BE30 /* Build configuration list for PBXNativeTarget "LBXiongMaoTV" */ = {
			isa = XCConfigurationList;
			buildConfigurations = (
				F82FC7981E9CD0A600B1BE30 /* Debug */,
				F82FC7991E9CD0A600B1BE30 /* Release */,
			);
			defaultConfigurationIsVisible = 0;
			defaultConfigurationName = Release;
		};
/* End XCConfigurationList section */
	};
	rootObject = F82FC77D1E9CD0A500B1BE30 /* Project object */;
}
